// !$*UTF8*$!
{
	archiveVersion = 1;
	classes = {
	};
	objectVersion = 50;
	objects = {

/* Begin PBXBuildFile section */
		847FEEC42155739200790E82 /* UnitsAndModes.swift in Sources */ = {isa = PBXBuildFile; fileRef = 847FEEC32155739100790E82 /* UnitsAndModes.swift */; };
		84955095215562F7007F70FD /* SettingsViewController.swift in Sources */ = {isa = PBXBuildFile; fileRef = 84955094215562F7007F70FD /* SettingsViewController.swift */; };
		84C26F342150190E00679C7C /* AppDelegate.swift in Sources */ = {isa = PBXBuildFile; fileRef = 84C26F332150190E00679C7C /* AppDelegate.swift */; };
		84C26F362150190E00679C7C /* ViewController.swift in Sources */ = {isa = PBXBuildFile; fileRef = 84C26F352150190E00679C7C /* ViewController.swift */; };
		84C26F392150190E00679C7C /* Main.storyboard in Resources */ = {isa = PBXBuildFile; fileRef = 84C26F372150190E00679C7C /* Main.storyboard */; };
		84C26F3B2150191000679C7C /* Assets.xcassets in Resources */ = {isa = PBXBuildFile; fileRef = 84C26F3A2150191000679C7C /* Assets.xcassets */; };
		84C26F3E2150191000679C7C /* LaunchScreen.storyboard in Resources */ = {isa = PBXBuildFile; fileRef = 84C26F3C2150191000679C7C /* LaunchScreen.storyboard */; };
		84C26F492150191000679C7C /* Conversion_CalculatorTests.swift in Sources */ = {isa = PBXBuildFile; fileRef = 84C26F482150191000679C7C /* Conversion_CalculatorTests.swift */; };
		84C26F542150191000679C7C /* Conversion_CalculatorUITests.swift in Sources */ = {isa = PBXBuildFile; fileRef = 84C26F532150191000679C7C /* Conversion_CalculatorUITests.swift */; };
		84C26F6C21501C9500679C7C /* Calculator Keyboard.appex in Embed App Extensions */ = {isa = PBXBuildFile; fileRef = 84C26F6521501C9500679C7C /* Calculator Keyboard.appex */; settings = {ATTRIBUTES = (RemoveHeadersOnCopy, ); }; };
		84C26F752150205A00679C7C /* DecimalMinusTextField.swift in Sources */ = {isa = PBXBuildFile; fileRef = 84C26F742150205A00679C7C /* DecimalMinusTextField.swift */; };
/* End PBXBuildFile section */

/* Begin PBXContainerItemProxy section */
		84C26F452150191000679C7C /* PBXContainerItemProxy */ = {
			isa = PBXContainerItemProxy;
			containerPortal = 84C26F282150190E00679C7C /* Project object */;
			proxyType = 1;
			remoteGlobalIDString = 84C26F2F2150190E00679C7C;
			remoteInfo = "Conversion Calculator";
		};
		84C26F502150191000679C7C /* PBXContainerItemProxy */ = {
			isa = PBXContainerItemProxy;
			containerPortal = 84C26F282150190E00679C7C /* Project object */;
			proxyType = 1;
			remoteGlobalIDString = 84C26F2F2150190E00679C7C;
			remoteInfo = "Conversion Calculator";
		};
		84C26F6A21501C9500679C7C /* PBXContainerItemProxy */ = {
			isa = PBXContainerItemProxy;
			containerPortal = 84C26F282150190E00679C7C /* Project object */;
			proxyType = 1;
			remoteGlobalIDString = 84C26F6421501C9500679C7C;
			remoteInfo = "Calculator Keyboard";
		};
/* End PBXContainerItemProxy section */

/* Begin PBXCopyFilesBuildPhase section */
		84C26F7021501C9500679C7C /* Embed App Extensions */ = {
			isa = PBXCopyFilesBuildPhase;
			buildActionMask = 2147483647;
			dstPath = "";
			dstSubfolderSpec = 13;
			files = (
				84C26F6C21501C9500679C7C /* Calculator Keyboard.appex in Embed App Extensions */,
			);
			name = "Embed App Extensions";
			runOnlyForDeploymentPostprocessing = 0;
		};
/* End PBXCopyFilesBuildPhase section */

/* Begin PBXFileReference section */
		847FEEC32155739100790E82 /* UnitsAndModes.swift */ = {isa = PBXFileReference; fileEncoding = 4; lastKnownFileType = sourcecode.swift; path = UnitsAndModes.swift; sourceTree = "<group>"; };
		84955094215562F7007F70FD /* SettingsViewController.swift */ = {isa = PBXFileReference; lastKnownFileType = sourcecode.swift; path = SettingsViewController.swift; sourceTree = "<group>"; };
		84C26F302150190E00679C7C /* Conversion Calculator.app */ = {isa = PBXFileReference; explicitFileType = wrapper.application; includeInIndex = 0; path = "Conversion Calculator.app"; sourceTree = BUILT_PRODUCTS_DIR; };
		84C26F332150190E00679C7C /* AppDelegate.swift */ = {isa = PBXFileReference; lastKnownFileType = sourcecode.swift; path = AppDelegate.swift; sourceTree = "<group>"; };
		84C26F352150190E00679C7C /* ViewController.swift */ = {isa = PBXFileReference; lastKnownFileType = sourcecode.swift; path = ViewController.swift; sourceTree = "<group>"; };
		84C26F382150190E00679C7C /* Base */ = {isa = PBXFileReference; lastKnownFileType = file.storyboard; name = Base; path = Base.lproj/Main.storyboard; sourceTree = "<group>"; };
		84C26F3A2150191000679C7C /* Assets.xcassets */ = {isa = PBXFileReference; lastKnownFileType = folder.assetcatalog; path = Assets.xcassets; sourceTree = "<group>"; };
		84C26F3D2150191000679C7C /* Base */ = {isa = PBXFileReference; lastKnownFileType = file.storyboard; name = Base; path = Base.lproj/LaunchScreen.storyboard; sourceTree = "<group>"; };
		84C26F3F2150191000679C7C /* Info.plist */ = {isa = PBXFileReference; lastKnownFileType = text.plist.xml; path = Info.plist; sourceTree = "<group>"; };
		84C26F442150191000679C7C /* Conversion CalculatorTests.xctest */ = {isa = PBXFileReference; explicitFileType = wrapper.cfbundle; includeInIndex = 0; path = "Conversion CalculatorTests.xctest"; sourceTree = BUILT_PRODUCTS_DIR; };
		84C26F482150191000679C7C /* Conversion_CalculatorTests.swift */ = {isa = PBXFileReference; lastKnownFileType = sourcecode.swift; path = Conversion_CalculatorTests.swift; sourceTree = "<group>"; };
		84C26F4A2150191000679C7C /* Info.plist */ = {isa = PBXFileReference; lastKnownFileType = text.plist.xml; path = Info.plist; sourceTree = "<group>"; };
		84C26F4F2150191000679C7C /* Conversion CalculatorUITests.xctest */ = {isa = PBXFileReference; explicitFileType = wrapper.cfbundle; includeInIndex = 0; path = "Conversion CalculatorUITests.xctest"; sourceTree = BUILT_PRODUCTS_DIR; };
		84C26F532150191000679C7C /* Conversion_CalculatorUITests.swift */ = {isa = PBXFileReference; lastKnownFileType = sourcecode.swift; path = Conversion_CalculatorUITests.swift; sourceTree = "<group>"; };
		84C26F552150191000679C7C /* Info.plist */ = {isa = PBXFileReference; lastKnownFileType = text.plist.xml; path = Info.plist; sourceTree = "<group>"; };
		84C26F6521501C9500679C7C /* Calculator Keyboard.appex */ = {isa = PBXFileReference; explicitFileType = "wrapper.app-extension"; includeInIndex = 0; path = "Calculator Keyboard.appex"; sourceTree = BUILT_PRODUCTS_DIR; };
		84C26F742150205A00679C7C /* DecimalMinusTextField.swift */ = {isa = PBXFileReference; fileEncoding = 4; lastKnownFileType = sourcecode.swift; path = DecimalMinusTextField.swift; sourceTree = "<group>"; };
/* End PBXFileReference section */

/* Begin PBXFrameworksBuildPhase section */
		84C26F2D2150190E00679C7C /* Frameworks */ = {
			isa = PBXFrameworksBuildPhase;
			buildActionMask = 2147483647;
			files = (
			);
			runOnlyForDeploymentPostprocessing = 0;
		};
		84C26F412150191000679C7C /* Frameworks */ = {
			isa = PBXFrameworksBuildPhase;
			buildActionMask = 2147483647;
			files = (
			);
			runOnlyForDeploymentPostprocessing = 0;
		};
		84C26F4C2150191000679C7C /* Frameworks */ = {
			isa = PBXFrameworksBuildPhase;
			buildActionMask = 2147483647;
			files = (
			);
			runOnlyForDeploymentPostprocessing = 0;
		};
		84C26F6221501C9500679C7C /* Frameworks */ = {
			isa = PBXFrameworksBuildPhase;
			buildActionMask = 2147483647;
			files = (
			);
			runOnlyForDeploymentPostprocessing = 0;
		};
/* End PBXFrameworksBuildPhase section */

/* Begin PBXGroup section */
		84C26F272150190E00679C7C = {
			isa = PBXGroup;
			children = (
				84C26F322150190E00679C7C /* Conversion Calculator */,
				84C26F472150191000679C7C /* Conversion CalculatorTests */,
				84C26F522150191000679C7C /* Conversion CalculatorUITests */,
				84C26F312150190E00679C7C /* Products */,
			);
			sourceTree = "<group>";
		};
		84C26F312150190E00679C7C /* Products */ = {
			isa = PBXGroup;
			children = (
				84C26F302150190E00679C7C /* Conversion Calculator.app */,
				84C26F442150191000679C7C /* Conversion CalculatorTests.xctest */,
				84C26F4F2150191000679C7C /* Conversion CalculatorUITests.xctest */,
				84C26F6521501C9500679C7C /* Calculator Keyboard.appex */,
			);
			name = Products;
			sourceTree = "<group>";
		};
		84C26F322150190E00679C7C /* Conversion Calculator */ = {
			isa = PBXGroup;
			children = (
				847FEEC32155739100790E82 /* UnitsAndModes.swift */,
				84955094215562F7007F70FD /* SettingsViewController.swift */,
				84C26F742150205A00679C7C /* DecimalMinusTextField.swift */,
				84C26F332150190E00679C7C /* AppDelegate.swift */,
				84C26F352150190E00679C7C /* ViewController.swift */,
				84C26F372150190E00679C7C /* Main.storyboard */,
				84C26F3A2150191000679C7C /* Assets.xcassets */,
				84C26F3C2150191000679C7C /* LaunchScreen.storyboard */,
				84C26F3F2150191000679C7C /* Info.plist */,
			);
			path = "Conversion Calculator";
			sourceTree = "<group>";
		};
		84C26F472150191000679C7C /* Conversion CalculatorTests */ = {
			isa = PBXGroup;
			children = (
				84C26F482150191000679C7C /* Conversion_CalculatorTests.swift */,
				84C26F4A2150191000679C7C /* Info.plist */,
			);
			path = "Conversion CalculatorTests";
			sourceTree = "<group>";
		};
		84C26F522150191000679C7C /* Conversion CalculatorUITests */ = {
			isa = PBXGroup;
			children = (
				84C26F532150191000679C7C /* Conversion_CalculatorUITests.swift */,
				84C26F552150191000679C7C /* Info.plist */,
			);
			path = "Conversion CalculatorUITests";
			sourceTree = "<group>";
		};
/* End PBXGroup section */

/* Begin PBXNativeTarget section */
		84C26F2F2150190E00679C7C /* Conversion Calculator */ = {
			isa = PBXNativeTarget;
			buildConfigurationList = 84C26F582150191000679C7C /* Build configuration list for PBXNativeTarget "Conversion Calculator" */;
			buildPhases = (
				84C26F2C2150190E00679C7C /* Sources */,
				84C26F2D2150190E00679C7C /* Frameworks */,
				84C26F2E2150190E00679C7C /* Resources */,
				84C26F7021501C9500679C7C /* Embed App Extensions */,
			);
			buildRules = (
			);
			dependencies = (
				84C26F6B21501C9500679C7C /* PBXTargetDependency */,
			);
			name = "Conversion Calculator";
			productName = "Conversion Calculator";
			productReference = 84C26F302150190E00679C7C /* Conversion Calculator.app */;
			productType = "com.apple.product-type.application";
		};
		84C26F432150191000679C7C /* Conversion CalculatorTests */ = {
			isa = PBXNativeTarget;
			buildConfigurationList = 84C26F5B2150191000679C7C /* Build configuration list for PBXNativeTarget "Conversion CalculatorTests" */;
			buildPhases = (
				84C26F402150191000679C7C /* Sources */,
				84C26F412150191000679C7C /* Frameworks */,
				84C26F422150191000679C7C /* Resources */,
			);
			buildRules = (
			);
			dependencies = (
				84C26F462150191000679C7C /* PBXTargetDependency */,
			);
			name = "Conversion CalculatorTests";
			productName = "Conversion CalculatorTests";
			productReference = 84C26F442150191000679C7C /* Conversion CalculatorTests.xctest */;
			productType = "com.apple.product-type.bundle.unit-test";
		};
		84C26F4E2150191000679C7C /* Conversion CalculatorUITests */ = {
			isa = PBXNativeTarget;
			buildConfigurationList = 84C26F5E2150191000679C7C /* Build configuration list for PBXNativeTarget "Conversion CalculatorUITests" */;
			buildPhases = (
				84C26F4B2150191000679C7C /* Sources */,
				84C26F4C2150191000679C7C /* Frameworks */,
				84C26F4D2150191000679C7C /* Resources */,
			);
			buildRules = (
			);
			dependencies = (
				84C26F512150191000679C7C /* PBXTargetDependency */,
			);
			name = "Conversion CalculatorUITests";
			productName = "Conversion CalculatorUITests";
			productReference = 84C26F4F2150191000679C7C /* Conversion CalculatorUITests.xctest */;
			productType = "com.apple.product-type.bundle.ui-testing";
		};
		84C26F6421501C9500679C7C /* Calculator Keyboard */ = {
			isa = PBXNativeTarget;
			buildConfigurationList = 84C26F6D21501C9500679C7C /* Build configuration list for PBXNativeTarget "Calculator Keyboard" */;
			buildPhases = (
				84C26F6121501C9500679C7C /* Sources */,
				84C26F6221501C9500679C7C /* Frameworks */,
				84C26F6321501C9500679C7C /* Resources */,
			);
			buildRules = (
			);
			dependencies = (
			);
			name = "Calculator Keyboard";
			productName = "Calculator Keyboard";
			productReference = 84C26F6521501C9500679C7C /* Calculator Keyboard.appex */;
			productType = "com.apple.product-type.app-extension";
		};
/* End PBXNativeTarget section */

/* Begin PBXProject section */
		84C26F282150190E00679C7C /* Project object */ = {
			isa = PBXProject;
			attributes = {
				KnownAssetTags = (
					DecimalMinusTextField,
				);
				LastSwiftUpdateCheck = 0940;
				LastUpgradeCheck = 0940;
				ORGANIZATIONNAME = "Jake Walton";
				TargetAttributes = {
					84C26F2F2150190E00679C7C = {
						CreatedOnToolsVersion = 9.4.1;
					};
					84C26F432150191000679C7C = {
						CreatedOnToolsVersion = 9.4.1;
						TestTargetID = 84C26F2F2150190E00679C7C;
					};
					84C26F4E2150191000679C7C = {
						CreatedOnToolsVersion = 9.4.1;
						TestTargetID = 84C26F2F2150190E00679C7C;
					};
					84C26F6421501C9500679C7C = {
						CreatedOnToolsVersion = 9.4.1;
					};
				};
			};
			buildConfigurationList = 84C26F2B2150190E00679C7C /* Build configuration list for PBXProject "Conversion Calculator" */;
			compatibilityVersion = "Xcode 9.3";
			developmentRegion = en;
			hasScannedForEncodings = 0;
			knownRegions = (
				en,
				Base,
			);
			mainGroup = 84C26F272150190E00679C7C;
			productRefGroup = 84C26F312150190E00679C7C /* Products */;
			projectDirPath = "";
			projectRoot = "";
			targets = (
				84C26F2F2150190E00679C7C /* Conversion Calculator */,
				84C26F432150191000679C7C /* Conversion CalculatorTests */,
				84C26F4E2150191000679C7C /* Conversion CalculatorUITests */,
				84C26F6421501C9500679C7C /* Calculator Keyboard */,
			);
		};
/* End PBXProject section */

/* Begin PBXResourcesBuildPhase section */
		84C26F2E2150190E00679C7C /* Resources */ = {
			isa = PBXResourcesBuildPhase;
			buildActionMask = 2147483647;
			files = (
				84C26F3E2150191000679C7C /* LaunchScreen.storyboard in Resources */,
				84C26F3B2150191000679C7C /* Assets.xcassets in Resources */,
				84C26F392150190E00679C7C /* Main.storyboard in Resources */,
			);
			runOnlyForDeploymentPostprocessing = 0;
		};
		84C26F422150191000679C7C /* Resources */ = {
			isa = PBXResourcesBuildPhase;
			buildActionMask = 2147483647;
			files = (
			);
			runOnlyForDeploymentPostprocessing = 0;
		};
		84C26F4D2150191000679C7C /* Resources */ = {
			isa = PBXResourcesBuildPhase;
			buildActionMask = 2147483647;
			files = (
			);
			runOnlyForDeploymentPostprocessing = 0;
		};
		84C26F6321501C9500679C7C /* Resources */ = {
			isa = PBXResourcesBuildPhase;
			buildActionMask = 2147483647;
			files = (
			);
			runOnlyForDeploymentPostprocessing = 0;
		};
/* End PBXResourcesBuildPhase section */

/* Begin PBXSourcesBuildPhase section */
		84C26F2C2150190E00679C7C /* Sources */ = {
			isa = PBXSourcesBuildPhase;
			buildActionMask = 2147483647;
			files = (
				84C26F752150205A00679C7C /* DecimalMinusTextField.swift in Sources */,
				84C26F362150190E00679C7C /* ViewController.swift in Sources */,
				847FEEC42155739200790E82 /* UnitsAndModes.swift in Sources */,
				84C26F342150190E00679C7C /* AppDelegate.swift in Sources */,
				84955095215562F7007F70FD /* SettingsViewController.swift in Sources */,
			);
			runOnlyForDeploymentPostprocessing = 0;
		};
		84C26F402150191000679C7C /* Sources */ = {
			isa = PBXSourcesBuildPhase;
			buildActionMask = 2147483647;
			files = (
				84C26F492150191000679C7C /* Conversion_CalculatorTests.swift in Sources */,
			);
			runOnlyForDeploymentPostprocessing = 0;
		};
		84C26F4B2150191000679C7C /* Sources */ = {
			isa = PBXSourcesBuildPhase;
			buildActionMask = 2147483647;
			files = (
				84C26F542150191000679C7C /* Conversion_CalculatorUITests.swift in Sources */,
			);
			runOnlyForDeploymentPostprocessing = 0;
		};
		84C26F6121501C9500679C7C /* Sources */ = {
			isa = PBXSourcesBuildPhase;
			buildActionMask = 2147483647;
			files = (
			);
			runOnlyForDeploymentPostprocessing = 0;
		};
/* End PBXSourcesBuildPhase section */

/* Begin PBXTargetDependency section */
		84C26F462150191000679C7C /* PBXTargetDependency */ = {
			isa = PBXTargetDependency;
			target = 84C26F2F2150190E00679C7C /* Conversion Calculator */;
			targetProxy = 84C26F452150191000679C7C /* PBXContainerItemProxy */;
		};
		84C26F512150191000679C7C /* PBXTargetDependency */ = {
			isa = PBXTargetDependency;
			target = 84C26F2F2150190E00679C7C /* Conversion Calculator */;
			targetProxy = 84C26F502150191000679C7C /* PBXContainerItemProxy */;
		};
		84C26F6B21501C9500679C7C /* PBXTargetDependency */ = {
			isa = PBXTargetDependency;
			target = 84C26F6421501C9500679C7C /* Calculator Keyboard */;
			targetProxy = 84C26F6A21501C9500679C7C /* PBXContainerItemProxy */;
		};
/* End PBXTargetDependency section */

/* Begin PBXVariantGroup section */
		84C26F372150190E00679C7C /* Main.storyboard */ = {
			isa = PBXVariantGroup;
			children = (
				84C26F382150190E00679C7C /* Base */,
			);
			name = Main.storyboard;
			sourceTree = "<group>";
		};
		84C26F3C2150191000679C7C /* LaunchScreen.storyboard */ = {
			isa = PBXVariantGroup;
			children = (
				84C26F3D2150191000679C7C /* Base */,
			);
			name = LaunchScreen.storyboard;
			sourceTree = "<group>";
		};
/* End PBXVariantGroup section */

/* Begin XCBuildConfiguration section */
		84C26F562150191000679C7C /* Debug */ = {
			isa = XCBuildConfiguration;
			buildSettings = {
				ALWAYS_SEARCH_USER_PATHS = NO;
				CLANG_ANALYZER_NONNULL = YES;
				CLANG_ANALYZER_NUMBER_OBJECT_CONVERSION = YES_AGGRESSIVE;
				CLANG_CXX_LANGUAGE_STANDARD = "gnu++14";
				CLANG_CXX_LIBRARY = "libc++";
				CLANG_ENABLE_MODULES = YES;
				CLANG_ENABLE_OBJC_ARC = YES;
				CLANG_ENABLE_OBJC_WEAK = YES;
				CLANG_WARN_BLOCK_CAPTURE_AUTORELEASING = YES;
				CLANG_WARN_BOOL_CONVERSION = YES;
				CLANG_WARN_COMMA = YES;
				CLANG_WARN_CONSTANT_CONVERSION = YES;
				CLANG_WARN_DEPRECATED_OBJC_IMPLEMENTATIONS = YES;
				CLANG_WARN_DIRECT_OBJC_ISA_USAGE = YES_ERROR;
				CLANG_WARN_DOCUMENTATION_COMMENTS = YES;
				CLANG_WARN_EMPTY_BODY = YES;
				CLANG_WARN_ENUM_CONVERSION = YES;
				CLANG_WARN_INFINITE_RECURSION = YES;
				CLANG_WARN_INT_CONVERSION = YES;
				CLANG_WARN_NON_LITERAL_NULL_CONVERSION = YES;
				CLANG_WARN_OBJC_IMPLICIT_RETAIN_SELF = YES;
				CLANG_WARN_OBJC_LITERAL_CONVERSION = YES;
				CLANG_WARN_OBJC_ROOT_CLASS = YES_ERROR;
				CLANG_WARN_RANGE_LOOP_ANALYSIS = YES;
				CLANG_WARN_STRICT_PROTOTYPES = YES;
				CLANG_WARN_SUSPICIOUS_MOVE = YES;
				CLANG_WARN_UNGUARDED_AVAILABILITY = YES_AGGRESSIVE;
				CLANG_WARN_UNREACHABLE_CODE = YES;
				CLANG_WARN__DUPLICATE_METHOD_MATCH = YES;
				CODE_SIGN_IDENTITY = "iPhone Developer";
				COPY_PHASE_STRIP = NO;
				DEBUG_INFORMATION_FORMAT = dwarf;
				ENABLE_STRICT_OBJC_MSGSEND = YES;
				ENABLE_TESTABILITY = YES;
				GCC_C_LANGUAGE_STANDARD = gnu11;
				GCC_DYNAMIC_NO_PIC = NO;
				GCC_NO_COMMON_BLOCKS = YES;
				GCC_OPTIMIZATION_LEVEL = 0;
				GCC_PREPROCESSOR_DEFINITIONS = (
					"DEBUG=1",
					"$(inherited)",
				);
				GCC_WARN_64_TO_32_BIT_CONVERSION = YES;
				GCC_WARN_ABOUT_RETURN_TYPE = YES_ERROR;
				GCC_WARN_UNDECLARED_SELECTOR = YES;
				GCC_WARN_UNINITIALIZED_AUTOS = YES_AGGRESSIVE;
				GCC_WARN_UNUSED_FUNCTION = YES;
				GCC_WARN_UNUSED_VARIABLE = YES;
				IPHONEOS_DEPLOYMENT_TARGET = 11.4;
				MTL_ENABLE_DEBUG_INFO = YES;
				ONLY_ACTIVE_ARCH = YES;
				SDKROOT = iphoneos;
				SWIFT_ACTIVE_COMPILATION_CONDITIONS = DEBUG;
				SWIFT_OPTIMIZATION_LEVEL = "-Onone";
			};
			name = Debug;
		};
		84C26F572150191000679C7C /* Release */ = {
			isa = XCBuildConfiguration;
			buildSettings = {
				ALWAYS_SEARCH_USER_PATHS = NO;
				CLANG_ANALYZER_NONNULL = YES;
				CLANG_ANALYZER_NUMBER_OBJECT_CONVERSION = YES_AGGRESSIVE;
				CLANG_CXX_LANGUAGE_STANDARD = "gnu++14";
				CLANG_CXX_LIBRARY = "libc++";
				CLANG_ENABLE_MODULES = YES;
				CLANG_ENABLE_OBJC_ARC = YES;
				CLANG_ENABLE_OBJC_WEAK = YES;
				CLANG_WARN_BLOCK_CAPTURE_AUTORELEASING = YES;
				CLANG_WARN_BOOL_CONVERSION = YES;
				CLANG_WARN_COMMA = YES;
				CLANG_WARN_CONSTANT_CONVERSION = YES;
				CLANG_WARN_DEPRECATED_OBJC_IMPLEMENTATIONS = YES;
				CLANG_WARN_DIRECT_OBJC_ISA_USAGE = YES_ERROR;
				CLANG_WARN_DOCUMENTATION_COMMENTS = YES;
				CLANG_WARN_EMPTY_BODY = YES;
				CLANG_WARN_ENUM_CONVERSION = YES;
				CLANG_WARN_INFINITE_RECURSION = YES;
				CLANG_WARN_INT_CONVERSION = YES;
				CLANG_WARN_NON_LITERAL_NULL_CONVERSION = YES;
				CLANG_WARN_OBJC_IMPLICIT_RETAIN_SELF = YES;
				CLANG_WARN_OBJC_LITERAL_CONVERSION = YES;
				CLANG_WARN_OBJC_ROOT_CLASS = YES_ERROR;
				CLANG_WARN_RANGE_LOOP_ANALYSIS = YES;
				CLANG_WARN_STRICT_PROTOTYPES = YES;
				CLANG_WARN_SUSPICIOUS_MOVE = YES;
				CLANG_WARN_UNGUARDED_AVAILABILITY = YES_AGGRESSIVE;
				CLANG_WARN_UNREACHABLE_CODE = YES;
				CLANG_WARN__DUPLICATE_METHOD_MATCH = YES;
				CODE_SIGN_IDENTITY = "iPhone Developer";
				COPY_PHASE_STRIP = NO;
				DEBUG_INFORMATION_FORMAT = "dwarf-with-dsym";
				ENABLE_NS_ASSERTIONS = NO;
				ENABLE_STRICT_OBJC_MSGSEND = YES;
				GCC_C_LANGUAGE_STANDARD = gnu11;
				GCC_NO_COMMON_BLOCKS = YES;
				GCC_WARN_64_TO_32_BIT_CONVERSION = YES;
				GCC_WARN_ABOUT_RETURN_TYPE = YES_ERROR;
				GCC_WARN_UNDECLARED_SELECTOR = YES;
				GCC_WARN_UNINITIALIZED_AUTOS = YES_AGGRESSIVE;
				GCC_WARN_UNUSED_FUNCTION = YES;
				GCC_WARN_UNUSED_VARIABLE = YES;
				IPHONEOS_DEPLOYMENT_TARGET = 11.4;
				MTL_ENABLE_DEBUG_INFO = NO;
				SDKROOT = iphoneos;
				SWIFT_COMPILATION_MODE = wholemodule;
				SWIFT_OPTIMIZATION_LEVEL = "-O";
				VALIDATE_PRODUCT = YES;
			};
			name = Release;
		};
		84C26F592150191000679C7C /* Debug */ = {
			isa = XCBuildConfiguration;
			buildSettings = {
				ASSETCATALOG_COMPILER_APPICON_NAME = AppIcon;
				CODE_SIGN_STYLE = Automatic;
				INFOPLIST_FILE = "Conversion Calculator/Info.plist";
				LD_RUNPATH_SEARCH_PATHS = (
					"$(inherited)",
					"@executable_path/Frameworks",
				);
				PRODUCT_BUNDLE_IDENTIFIER = "jakeapp.Conversion-Calculator";
				PRODUCT_NAME = "$(TARGET_NAME)";
				SWIFT_VERSION = 4.0;
				TARGETED_DEVICE_FAMILY = "1,2";
			};
			name = Debug;
		};
		84C26F5A2150191000679C7C /* Release */ = {
			isa = XCBuildConfiguration;
			buildSettings = {
				ASSETCATALOG_COMPILER_APPICON_NAME = AppIcon;
				CODE_SIGN_STYLE = Automatic;
				INFOPLIST_FILE = "Conversion Calculator/Info.plist";
				LD_RUNPATH_SEARCH_PATHS = (
					"$(inherited)",
					"@executable_path/Frameworks",
				);
				PRODUCT_BUNDLE_IDENTIFIER = "jakeapp.Conversion-Calculator";
				PRODUCT_NAME = "$(TARGET_NAME)";
				SWIFT_VERSION = 4.0;
				TARGETED_DEVICE_FAMILY = "1,2";
			};
			name = Release;
		};
		84C26F5C2150191000679C7C /* Debug */ = {
			isa = XCBuildConfiguration;
			buildSettings = {
				ALWAYS_EMBED_SWIFT_STANDARD_LIBRARIES = YES;
				BUNDLE_LOADER = "$(TEST_HOST)";
				CODE_SIGN_STYLE = Automatic;
				INFOPLIST_FILE = "Conversion CalculatorTests/Info.plist";
				LD_RUNPATH_SEARCH_PATHS = (
					"$(inherited)",
					"@executable_path/Frameworks",
					"@loader_path/Frameworks",
				);
				PRODUCT_BUNDLE_IDENTIFIER = "jakeapp.Conversion-CalculatorTests";
				PRODUCT_NAME = "$(TARGET_NAME)";
				SWIFT_VERSION = 4.0;
				TARGETED_DEVICE_FAMILY = "1,2";
				TEST_HOST = "$(BUILT_PRODUCTS_DIR)/Conversion Calculator.app/Conversion Calculator";
			};
			name = Debug;
		};
		84C26F5D2150191000679C7C /* Release */ = {
			isa = XCBuildConfiguration;
			buildSettings = {
				ALWAYS_EMBED_SWIFT_STANDARD_LIBRARIES = YES;
				BUNDLE_LOADER = "$(TEST_HOST)";
				CODE_SIGN_STYLE = Automatic;
				INFOPLIST_FILE = "Conversion CalculatorTests/Info.plist";
				LD_RUNPATH_SEARCH_PATHS = (
					"$(inherited)",
					"@executable_path/Frameworks",
					"@loader_path/Frameworks",
				);
				PRODUCT_BUNDLE_IDENTIFIER = "jakeapp.Conversion-CalculatorTests";
				PRODUCT_NAME = "$(TARGET_NAME)";
				SWIFT_VERSION = 4.0;
				TARGETED_DEVICE_FAMILY = "1,2";
				TEST_HOST = "$(BUILT_PRODUCTS_DIR)/Conversion Calculator.app/Conversion Calculator";
			};
			name = Release;
		};
		84C26F5F2150191000679C7C /* Debug */ = {
			isa = XCBuildConfiguration;
			buildSettings = {
				ALWAYS_EMBED_SWIFT_STANDARD_LIBRARIES = YES;
				CODE_SIGN_STYLE = Automatic;
				INFOPLIST_FILE = "Conversion CalculatorUITests/Info.plist";
				LD_RUNPATH_SEARCH_PATHS = (
					"$(inherited)",
					"@executable_path/Frameworks",
					"@loader_path/Frameworks",
				);
				PRODUCT_BUNDLE_IDENTIFIER = "jakeapp.Conversion-CalculatorUITests";
				PRODUCT_NAME = "$(TARGET_NAME)";
				SWIFT_VERSION = 4.0;
				TARGETED_DEVICE_FAMILY = "1,2";
				TEST_TARGET_NAME = "Conversion Calculator";
			};
			name = Debug;
		};
		84C26F602150191000679C7C /* Release */ = {
			isa = XCBuildConfiguration;
			buildSettings = {
				ALWAYS_EMBED_SWIFT_STANDARD_LIBRARIES = YES;
				CODE_SIGN_STYLE = Automatic;
				INFOPLIST_FILE = "Conversion CalculatorUITests/Info.plist";
				LD_RUNPATH_SEARCH_PATHS = (
					"$(inherited)",
					"@executable_path/Frameworks",
					"@loader_path/Frameworks",
				);
				PRODUCT_BUNDLE_IDENTIFIER = "jakeapp.Conversion-CalculatorUITests";
				PRODUCT_NAME = "$(TARGET_NAME)";
				SWIFT_VERSION = 4.0;
				TARGETED_DEVICE_FAMILY = "1,2";
				TEST_TARGET_NAME = "Conversion Calculator";
			};
			name = Release;
		};
		84C26F6E21501C9500679C7C /* Debug */ = {
			isa = XCBuildConfiguration;
			buildSettings = {
				CODE_SIGN_STYLE = Automatic;
				INFOPLIST_FILE = "Calculator Keyboard/Info.plist";
				LD_RUNPATH_SEARCH_PATHS = (
					"$(inherited)",
					"@executable_path/Frameworks",
					"@executable_path/../../Frameworks",
				);
				PRODUCT_BUNDLE_IDENTIFIER = "jakeapp.Conversion-Calculator.Calculator-Keyboard";
				PRODUCT_NAME = "$(TARGET_NAME)";
				SKIP_INSTALL = YES;
				SWIFT_VERSION = 4.0;
				TARGETED_DEVICE_FAMILY = "1,2";
			};
			name = Debug;
		};
		84C26F6F21501C9500679C7C /* Release */ = {
			isa = XCBuildConfiguration;
			buildSettings = {
				CODE_SIGN_STYLE = Automatic;
				INFOPLIST_FILE = "Calculator Keyboard/Info.plist";
				LD_RUNPATH_SEARCH_PATHS = (
					"$(inherited)",
					"@executable_path/Frameworks",
					"@executable_path/../../Frameworks",
				);
				PRODUCT_BUNDLE_IDENTIFIER = "jakeapp.Conversion-Calculator.Calculator-Keyboard";
				PRODUCT_NAME = "$(TARGET_NAME)";
				SKIP_INSTALL = YES;
				SWIFT_VERSION = 4.0;
				TARGETED_DEVICE_FAMILY = "1,2";
			};
			name = Release;
		};
/* End XCBuildConfiguration section */

/* Begin XCConfigurationList section */
		84C26F2B2150190E00679C7C /* Build configuration list for PBXProject "Conversion Calculator" */ = {
			isa = XCConfigurationList;
			buildConfigurations = (
				84C26F562150191000679C7C /* Debug */,
				84C26F572150191000679C7C /* Release */,
			);
			defaultConfigurationIsVisible = 0;
			defaultConfigurationName = Release;
		};
		84C26F582150191000679C7C /* Build configuration list for PBXNativeTarget "Conversion Calculator" */ = {
			isa = XCConfigurationList;
			buildConfigurations = (
				84C26F592150191000679C7C /* Debug */,
				84C26F5A2150191000679C7C /* Release */,
			);
			defaultConfigurationIsVisible = 0;
			defaultConfigurationName = Release;
		};
		84C26F5B2150191000679C7C /* Build configuration list for PBXNativeTarget "Conversion CalculatorTests" */ = {
			isa = XCConfigurationList;
			buildConfigurations = (
				84C26F5C2150191000679C7C /* Debug */,
				84C26F5D2150191000679C7C /* Release */,
			);
			defaultConfigurationIsVisible = 0;
			defaultConfigurationName = Release;
		};
		84C26F5E2150191000679C7C /* Build configuration list for PBXNativeTarget "Conversion CalculatorUITests" */ = {
			isa = XCConfigurationList;
			buildConfigurations = (
				84C26F5F2150191000679C7C /* Debug */,
				84C26F602150191000679C7C /* Release */,
			);
			defaultConfigurationIsVisible = 0;
			defaultConfigurationName = Release;
		};
		84C26F6D21501C9500679C7C /* Build configuration list for PBXNativeTarget "Calculator Keyboard" */ = {
			isa = XCConfigurationList;
			buildConfigurations = (
				84C26F6E21501C9500679C7C /* Debug */,
				84C26F6F21501C9500679C7C /* Release */,
			);
			defaultConfigurationIsVisible = 0;
			defaultConfigurationName = Release;
		};
/* End XCConfigurationList section */
	};
	rootObject = 84C26F282150190E00679C7C /* Project object */;
}
